
Microsoft Visual Studio Solution File, Format Version 12.00
# Visual Studio Version 17
VisualStudioVersion = 17.6.33829.357
MinimumVisualStudioVersion = 10.0.40219.1
Project("{9A19103F-16F7-4668-BE54-9A1E7A4F7556}") = "The Writers Spiral", "The Writers Spiral\The Writers Spiral.csproj", "{F9E5E14E-A5CC-4E83-8954-9C3A61801D36}"
EndProject
Global
	GlobalSection(SolutionConfigurationPlatforms) = preSolution
		Debug|Any CPU = Debug|Any CPU
		Release|Any CPU = Release|Any CPU
	EndGlobalSection
	GlobalSection(ProjectConfigurationPlatforms) = postSolution
		{F9E5E14E-A5CC-4E83-8954-9C3A61801D36}.Debug|Any CPU.ActiveCfg = Debug|Any CPU
		{F9E5E14E-A5CC-4E83-8954-9C3A61801D36}.Debug|Any CPU.Build.0 = Debug|Any CPU
		{F9E5E14E-A5CC-4E83-8954-9C3A61801D36}.Release|Any CPU.ActiveCfg = Release|Any CPU
		{F9E5E14E-A5CC-4E83-8954-9C3A61801D36}.Release|Any CPU.Build.0 = Release|Any CPU
	EndGlobalSection
	GlobalSection(SolutionProperties) = preSolution
		HideSolutionNode = FALSE
	EndGlobalSection
	GlobalSection(ExtensibilityGlobals) = postSolution
		SolutionGuid = {D0F5EB38-292A-4105-B9AC-F7C78D1F4464}
	EndGlobalSection
EndGlobal
